{
  "version": 4,
  "terraform_version": "1.3.7",
  "serial": 259,
  "lineage": "81e6055f-de5b-6ecb-ef7d-eccd15c9a977",
  "outputs": {},
  "resources": [
    {
      "mode": "data",
      "type": "confluent_schema_registry_region",
      "name": "sr_region",
      "provider": "provider[\"registry.terraform.io/confluentinc/confluent\"]",
      "instances": [
        {
          "schema_version": 0,
          "attributes": {
            "cloud": "AWS",
            "id": "sgreg-1",
            "package": "ESSENTIALS",
            "region": "us-east-2"
          },
          "sensitive_attributes": []
        }
      ]
    },
    {
      "mode": "managed",
      "type": "aws_internet_gateway",
      "name": "igw",
      "provider": "provider[\"registry.terraform.io/hashicorp/aws\"]",
      "instances": [
        {
          "schema_version": 0,
          "attributes": {
            "arn": "arn:aws:ec2:eu-central-1:829250931565:internet-gateway/igw-0c06536fe4734e4b1",
            "id": "igw-0c06536fe4734e4b1",
            "owner_id": "829250931565",
            "tags": {
              "Name": "gko-prework-uc1-igw-c592c34b"
            },
            "tags_all": {
              "Name": "gko-prework-uc1-igw-c592c34b"
            },
            "timeouts": null,
            "vpc_id": "vpc-0ca399ea6d2e49a07"
          },
          "sensitive_attributes": [],
          "private": "eyJlMmJmYjczMC1lY2FhLTExZTYtOGY4OC0zNDM2M2JjN2M0YzAiOnsiY3JlYXRlIjoxMjAwMDAwMDAwMDAwLCJkZWxldGUiOjEyMDAwMDAwMDAwMDAsInVwZGF0ZSI6MTIwMDAwMDAwMDAwMH19",
          "dependencies": [
            "aws_vpc.main",
            "random_id.vpc_display_id"
          ]
        }
      ]
    },
    {
      "mode": "managed",
      "type": "aws_mq_broker",
      "name": "activemq",
      "provider": "provider[\"registry.terraform.io/hashicorp/aws\"]",
      "instances": [
        {
          "schema_version": 0,
          "attributes": {
            "apply_immediately": false,
            "arn": "arn:aws:mq:eu-central-1:829250931565:broker:flower_co:b-9ebde16e-9b99-4d35-9375-0630e5596f45",
            "authentication_strategy": "simple",
            "auto_minor_version_upgrade": false,
            "broker_name": "flower_co",
            "configuration": [
              {
                "id": "c-e605541c-2a35-46fa-a766-39f8e8a40b52",
                "revision": 1
              }
            ],
            "deployment_mode": "SINGLE_INSTANCE",
            "encryption_options": [
              {
                "kms_key_id": "",
                "use_aws_owned_key": true
              }
            ],
            "engine_type": "ActiveMQ",
            "engine_version": "5.15.9",
            "host_instance_type": "mq.t2.micro",
            "id": "b-9ebde16e-9b99-4d35-9375-0630e5596f45",
            "instances": [
              {
                "console_url": "https://b-9ebde16e-9b99-4d35-9375-0630e5596f45-1.mq.eu-central-1.amazonaws.com:8162",
                "endpoints": [
                  "ssl://b-9ebde16e-9b99-4d35-9375-0630e5596f45-1.mq.eu-central-1.amazonaws.com:61617",
                  "amqp+ssl://b-9ebde16e-9b99-4d35-9375-0630e5596f45-1.mq.eu-central-1.amazonaws.com:5671",
                  "stomp+ssl://b-9ebde16e-9b99-4d35-9375-0630e5596f45-1.mq.eu-central-1.amazonaws.com:61614",
                  "mqtt+ssl://b-9ebde16e-9b99-4d35-9375-0630e5596f45-1.mq.eu-central-1.amazonaws.com:8883",
                  "wss://b-9ebde16e-9b99-4d35-9375-0630e5596f45-1.mq.eu-central-1.amazonaws.com:61619"
                ],
                "ip_address": "52.59.158.27"
              }
            ],
            "ldap_server_metadata": [],
            "logs": [
              {
                "audit": "false",
                "general": false
              }
            ],
            "maintenance_window_start_time": [
              {
                "day_of_week": "WEDNESDAY",
                "time_of_day": "19:00",
                "time_zone": "UTC"
              }
            ],
            "publicly_accessible": true,
            "security_groups": [],
            "storage_type": "efs",
            "subnet_ids": [
              "subnet-1a89c867"
            ],
            "tags": {},
            "tags_all": {},
            "timeouts": null,
            "user": [
              {
                "console_access": false,
                "groups": [],
                "password": "MindTheGapLongPassword",
                "username": "ExampleUser"
              }
            ]
          },
          "sensitive_attributes": [],
          "private": "eyJlMmJmYjczMC1lY2FhLTExZTYtOGY4OC0zNDM2M2JjN2M0YzAiOnsiY3JlYXRlIjoxODAwMDAwMDAwMDAwLCJkZWxldGUiOjE4MDAwMDAwMDAwMDAsInVwZGF0ZSI6MTgwMDAwMDAwMDAwMH19"
        }
      ]
    },
    {
      "mode": "managed",
      "type": "aws_route_table",
      "name": "route_table",
      "provider": "provider[\"registry.terraform.io/hashicorp/aws\"]",
      "instances": [
        {
          "schema_version": 0,
          "attributes": {
            "arn": "arn:aws:ec2:eu-central-1:829250931565:route-table/rtb-0744990fb16c877d9",
            "id": "rtb-0744990fb16c877d9",
            "owner_id": "829250931565",
            "propagating_vgws": [],
            "route": [
              {
                "carrier_gateway_id": "",
                "cidr_block": "0.0.0.0/0",
                "core_network_arn": "",
                "destination_prefix_list_id": "",
                "egress_only_gateway_id": "",
                "gateway_id": "igw-0c06536fe4734e4b1",
                "instance_id": "",
                "ipv6_cidr_block": "",
                "local_gateway_id": "",
                "nat_gateway_id": "",
                "network_interface_id": "",
                "transit_gateway_id": "",
                "vpc_endpoint_id": "",
                "vpc_peering_connection_id": ""
              }
            ],
            "tags": {
              "Name": "gko-prework-uc1-route-table-c592c34b"
            },
            "tags_all": {
              "Name": "gko-prework-uc1-route-table-c592c34b"
            },
            "timeouts": null,
            "vpc_id": "vpc-0ca399ea6d2e49a07"
          },
          "sensitive_attributes": [],
          "private": "eyJlMmJmYjczMC1lY2FhLTExZTYtOGY4OC0zNDM2M2JjN2M0YzAiOnsiY3JlYXRlIjozMDAwMDAwMDAwMDAsImRlbGV0ZSI6MzAwMDAwMDAwMDAwLCJ1cGRhdGUiOjEyMDAwMDAwMDAwMH19",
          "dependencies": [
            "aws_internet_gateway.igw",
            "aws_vpc.main",
            "random_id.vpc_display_id"
          ]
        }
      ]
    },
    {
      "mode": "managed",
      "type": "aws_route_table_association",
      "name": "subnet_associations",
      "provider": "provider[\"registry.terraform.io/hashicorp/aws\"]",
      "instances": [
        {
          "index_key": 0,
          "schema_version": 0,
          "attributes": {
            "gateway_id": "",
            "id": "rtbassoc-0fdb87efda31d0aab",
            "route_table_id": "rtb-0744990fb16c877d9",
            "subnet_id": "subnet-02874259719c81fb5"
          },
          "sensitive_attributes": [],
          "private": "bnVsbA==",
          "dependencies": [
            "aws_internet_gateway.igw",
            "aws_route_table.route_table",
            "aws_subnet.public_subnets",
            "aws_vpc.main",
            "random_id.vpc_display_id"
          ]
        },
        {
          "index_key": 1,
          "schema_version": 0,
          "attributes": {
            "gateway_id": "",
            "id": "rtbassoc-036c112744cca5983",
            "route_table_id": "rtb-0744990fb16c877d9",
            "subnet_id": "subnet-028377576397b211d"
          },
          "sensitive_attributes": [],
          "private": "bnVsbA==",
          "dependencies": [
            "aws_internet_gateway.igw",
            "aws_route_table.route_table",
            "aws_subnet.public_subnets",
            "aws_vpc.main",
            "random_id.vpc_display_id"
          ]
        },
        {
          "index_key": 2,
          "schema_version": 0,
          "attributes": {
            "gateway_id": "",
            "id": "rtbassoc-0bf7c3fe1402e8d5a",
            "route_table_id": "rtb-0744990fb16c877d9",
            "subnet_id": "subnet-094f7f34412e0b456"
          },
          "sensitive_attributes": [],
          "private": "bnVsbA==",
          "dependencies": [
            "aws_internet_gateway.igw",
            "aws_route_table.route_table",
            "aws_subnet.public_subnets",
            "aws_vpc.main",
            "random_id.vpc_display_id"
          ]
        }
      ]
    },
    {
      "mode": "managed",
      "type": "aws_security_group",
      "name": "rabbitmq_sg",
      "provider": "provider[\"registry.terraform.io/hashicorp/aws\"]",
      "instances": [
        {
          "schema_version": 1,
          "attributes": {
            "arn": "arn:aws:ec2:eu-central-1:829250931565:security-group/sg-03276ca0122096385",
            "description": "AWS Resource created by Terraform",
            "egress": [
              {
                "cidr_blocks": [
                  "0.0.0.0/0"
                ],
                "description": "Allow all outbound.",
                "from_port": 0,
                "ipv6_cidr_blocks": [],
                "prefix_list_ids": [],
                "protocol": "-1",
                "security_groups": [],
                "self": false,
                "to_port": 0
              }
            ],
            "id": "sg-03276ca0122096385",
            "ingress": [
              {
                "cidr_blocks": [
                  "0.0.0.0/0"
                ],
                "description": "RabbitMQ",
                "from_port": 5672,
                "ipv6_cidr_blocks": [],
                "prefix_list_ids": [],
                "protocol": "tcp",
                "security_groups": [],
                "self": false,
                "to_port": 5672
              },
              {
                "cidr_blocks": [
                  "0.0.0.0/0"
                ],
                "description": "SSH",
                "from_port": 22,
                "ipv6_cidr_blocks": [],
                "prefix_list_ids": [],
                "protocol": "tcp",
                "security_groups": [],
                "self": false,
                "to_port": 22
              }
            ],
            "name": "rabbitmq_security_group_c592c34b",
            "name_prefix": "",
            "owner_id": "829250931565",
            "revoke_rules_on_delete": false,
            "tags": {
              "Name": "gko-prework-uc1-sg-c592c34b"
            },
            "tags_all": {
              "Name": "gko-prework-uc1-sg-c592c34b"
            },
            "timeouts": null,
            "vpc_id": "vpc-0ca399ea6d2e49a07"
          },
          "sensitive_attributes": [],
          "private": "eyJlMmJmYjczMC1lY2FhLTExZTYtOGY4OC0zNDM2M2JjN2M0YzAiOnsiY3JlYXRlIjo2MDAwMDAwMDAwMDAsImRlbGV0ZSI6OTAwMDAwMDAwMDAwfSwic2NoZW1hX3ZlcnNpb24iOiIxIn0=",
          "dependencies": [
            "aws_vpc.main",
            "random_id.vpc_display_id"
          ]
        }
      ]
    },
    {
      "mode": "managed",
      "type": "aws_subnet",
      "name": "public_subnets",
      "provider": "provider[\"registry.terraform.io/hashicorp/aws\"]",
      "instances": [
        {
          "index_key": 0,
          "schema_version": 1,
          "attributes": {
            "arn": "arn:aws:ec2:eu-central-1:829250931565:subnet/subnet-02874259719c81fb5",
            "assign_ipv6_address_on_creation": false,
            "availability_zone": "eu-central-1b",
            "availability_zone_id": "euc1-az3",
            "cidr_block": "10.0.1.0/24",
            "customer_owned_ipv4_pool": "",
            "enable_dns64": false,
            "enable_resource_name_dns_a_record_on_launch": false,
            "enable_resource_name_dns_aaaa_record_on_launch": false,
            "id": "subnet-02874259719c81fb5",
            "ipv6_cidr_block": "",
            "ipv6_cidr_block_association_id": "",
            "ipv6_native": false,
            "map_customer_owned_ip_on_launch": false,
            "map_public_ip_on_launch": true,
            "outpost_arn": "",
            "owner_id": "829250931565",
            "private_dns_hostname_type_on_launch": "ip-name",
            "tags": {
              "Name": "gko-prework-uc1-public-subnet-0-c592c34b"
            },
            "tags_all": {
              "Name": "gko-prework-uc1-public-subnet-0-c592c34b"
            },
            "timeouts": null,
            "vpc_id": "vpc-0ca399ea6d2e49a07"
          },
          "sensitive_attributes": [],
          "private": "eyJlMmJmYjczMC1lY2FhLTExZTYtOGY4OC0zNDM2M2JjN2M0YzAiOnsiY3JlYXRlIjo2MDAwMDAwMDAwMDAsImRlbGV0ZSI6MTIwMDAwMDAwMDAwMH0sInNjaGVtYV92ZXJzaW9uIjoiMSJ9",
          "dependencies": [
            "aws_vpc.main",
            "random_id.vpc_display_id"
          ]
        },
        {
          "index_key": 1,
          "schema_version": 1,
          "attributes": {
            "arn": "arn:aws:ec2:eu-central-1:829250931565:subnet/subnet-028377576397b211d",
            "assign_ipv6_address_on_creation": false,
            "availability_zone": "eu-central-1b",
            "availability_zone_id": "euc1-az3",
            "cidr_block": "10.0.2.0/24",
            "customer_owned_ipv4_pool": "",
            "enable_dns64": false,
            "enable_resource_name_dns_a_record_on_launch": false,
            "enable_resource_name_dns_aaaa_record_on_launch": false,
            "id": "subnet-028377576397b211d",
            "ipv6_cidr_block": "",
            "ipv6_cidr_block_association_id": "",
            "ipv6_native": false,
            "map_customer_owned_ip_on_launch": false,
            "map_public_ip_on_launch": true,
            "outpost_arn": "",
            "owner_id": "829250931565",
            "private_dns_hostname_type_on_launch": "ip-name",
            "tags": {
              "Name": "gko-prework-uc1-public-subnet-1-c592c34b"
            },
            "tags_all": {
              "Name": "gko-prework-uc1-public-subnet-1-c592c34b"
            },
            "timeouts": null,
            "vpc_id": "vpc-0ca399ea6d2e49a07"
          },
          "sensitive_attributes": [],
          "private": "eyJlMmJmYjczMC1lY2FhLTExZTYtOGY4OC0zNDM2M2JjN2M0YzAiOnsiY3JlYXRlIjo2MDAwMDAwMDAwMDAsImRlbGV0ZSI6MTIwMDAwMDAwMDAwMH0sInNjaGVtYV92ZXJzaW9uIjoiMSJ9",
          "dependencies": [
            "aws_vpc.main",
            "random_id.vpc_display_id"
          ]
        },
        {
          "index_key": 2,
          "schema_version": 1,
          "attributes": {
            "arn": "arn:aws:ec2:eu-central-1:829250931565:subnet/subnet-094f7f34412e0b456",
            "assign_ipv6_address_on_creation": false,
            "availability_zone": "eu-central-1b",
            "availability_zone_id": "euc1-az3",
            "cidr_block": "10.0.3.0/24",
            "customer_owned_ipv4_pool": "",
            "enable_dns64": false,
            "enable_resource_name_dns_a_record_on_launch": false,
            "enable_resource_name_dns_aaaa_record_on_launch": false,
            "id": "subnet-094f7f34412e0b456",
            "ipv6_cidr_block": "",
            "ipv6_cidr_block_association_id": "",
            "ipv6_native": false,
            "map_customer_owned_ip_on_launch": false,
            "map_public_ip_on_launch": true,
            "outpost_arn": "",
            "owner_id": "829250931565",
            "private_dns_hostname_type_on_launch": "ip-name",
            "tags": {
              "Name": "gko-prework-uc1-public-subnet-2-c592c34b"
            },
            "tags_all": {
              "Name": "gko-prework-uc1-public-subnet-2-c592c34b"
            },
            "timeouts": null,
            "vpc_id": "vpc-0ca399ea6d2e49a07"
          },
          "sensitive_attributes": [],
          "private": "eyJlMmJmYjczMC1lY2FhLTExZTYtOGY4OC0zNDM2M2JjN2M0YzAiOnsiY3JlYXRlIjo2MDAwMDAwMDAwMDAsImRlbGV0ZSI6MTIwMDAwMDAwMDAwMH0sInNjaGVtYV92ZXJzaW9uIjoiMSJ9",
          "dependencies": [
            "aws_vpc.main",
            "random_id.vpc_display_id"
          ]
        }
      ]
    },
    {
      "mode": "managed",
      "type": "aws_vpc",
      "name": "main",
      "provider": "provider[\"registry.terraform.io/hashicorp/aws\"]",
      "instances": [
        {
          "schema_version": 1,
          "attributes": {
            "arn": "arn:aws:ec2:eu-central-1:829250931565:vpc/vpc-0ca399ea6d2e49a07",
            "assign_generated_ipv6_cidr_block": false,
            "cidr_block": "10.0.0.0/16",
            "default_network_acl_id": "acl-035e2a70f4800ed22",
            "default_route_table_id": "rtb-0e39d43119027abea",
            "default_security_group_id": "sg-08df51c161d25fc9d",
            "dhcp_options_id": "dopt-c092b1ab",
            "enable_classiclink": false,
            "enable_classiclink_dns_support": false,
            "enable_dns_hostnames": false,
            "enable_dns_support": true,
            "enable_network_address_usage_metrics": false,
            "id": "vpc-0ca399ea6d2e49a07",
            "instance_tenancy": "default",
            "ipv4_ipam_pool_id": null,
            "ipv4_netmask_length": null,
            "ipv6_association_id": "",
            "ipv6_cidr_block": "",
            "ipv6_cidr_block_network_border_group": "",
            "ipv6_ipam_pool_id": "",
            "ipv6_netmask_length": 0,
            "main_route_table_id": "rtb-0e39d43119027abea",
            "owner_id": "829250931565",
            "tags": {
              "Name": "gko-prework-uc1-c592c34b"
            },
            "tags_all": {
              "Name": "gko-prework-uc1-c592c34b"
            }
          },
          "sensitive_attributes": [],
          "private": "eyJzY2hlbWFfdmVyc2lvbiI6IjEifQ==",
          "dependencies": [
            "random_id.vpc_display_id"
          ]
        }
      ]
    },
    {
      "mode": "managed",
      "type": "confluent_api_key",
      "name": "app_manager_keys",
      "provider": "provider[\"registry.terraform.io/confluentinc/confluent\"]",
      "instances": [
        {
          "schema_version": 0,
          "attributes": {
            "description": "Confluent Resource created by Terraform",
            "disable_wait_for_ready": false,
            "display_name": "app-manager-api-key-8179469b",
            "id": "JQMDGE2QMGL24YFJ",
            "managed_resource": [
              {
                "api_version": "cmk/v2",
                "environment": [
                  {
                    "id": "env-m8vv8q"
                  }
                ],
                "id": "lkc-vryzm0",
                "kind": "Cluster"
              }
            ],
            "owner": [
              {
                "api_version": "iam/v2",
                "id": "sa-8v002q",
                "kind": "ServiceAccount"
              }
            ],
            "secret": "2tk//wgQu9lqoWNzHb6AhTgSvPjTLLvklODSMwNqoXcccB7/ezfkr8m8NXh1xVPj"
          },
          "sensitive_attributes": [],
          "private": "bnVsbA==",
          "dependencies": [
            "confluent_environment.env",
            "confluent_kafka_cluster.basic",
            "confluent_role_binding.app_manager_env_admin",
            "confluent_service_account.app_manager",
            "random_id.env_display_id"
          ]
        }
      ]
    },
    {
      "mode": "managed",
      "type": "confluent_api_key",
      "name": "connector_keys",
      "provider": "provider[\"registry.terraform.io/confluentinc/confluent\"]",
      "instances": [
        {
          "schema_version": 0,
          "attributes": {
            "description": "Confluent Resource created by Terraform",
            "disable_wait_for_ready": false,
            "display_name": "connectors-api-key-8179469b",
            "id": "JLE6OAB33BHV6VGE",
            "managed_resource": [
              {
                "api_version": "cmk/v2",
                "environment": [
                  {
                    "id": "env-m8vv8q"
                  }
                ],
                "id": "lkc-vryzm0",
                "kind": "Cluster"
              }
            ],
            "owner": [
              {
                "api_version": "iam/v2",
                "id": "sa-yyddzk",
                "kind": "ServiceAccount"
              }
            ],
            "secret": "AqOENe/Xrp4M/+sfWRNXkXIHjNBxFWQWjIf/wuci9zmdGYL03FkwsIrwgNsFsuuw"
          },
          "sensitive_attributes": [],
          "private": "bnVsbA==",
          "dependencies": [
            "confluent_api_key.app_manager_keys",
            "confluent_environment.env",
            "confluent_kafka_acl.connectors_source_acl_create_topic",
            "confluent_kafka_acl.connectors_source_acl_write",
            "confluent_kafka_cluster.basic",
            "confluent_role_binding.app_manager_env_admin",
            "confluent_service_account.app_manager",
            "confluent_service_account.connectors",
            "random_id.env_display_id"
          ]
        }
      ]
    },
    {
      "mode": "managed",
      "type": "confluent_api_key",
      "name": "ksql_keys",
      "provider": "provider[\"registry.terraform.io/confluentinc/confluent\"]",
      "instances": [
        {
          "schema_version": 0,
          "attributes": {
            "description": "Confluent Resource created by Terraform",
            "disable_wait_for_ready": false,
            "display_name": "ksql-api-key-8179469b",
            "id": "K7ECCFRT3HUMB5ZT",
            "managed_resource": [
              {
                "api_version": "cmk/v2",
                "environment": [
                  {
                    "id": "env-m8vv8q"
                  }
                ],
                "id": "lkc-vryzm0",
                "kind": "Cluster"
              }
            ],
            "owner": [
              {
                "api_version": "iam/v2",
                "id": "sa-m2993w",
                "kind": "ServiceAccount"
              }
            ],
            "secret": "9Gn5MJ0jS2V5/KiF3gYnmp/c7R0v7ja9aLG0MVrHh/Sov3YiEKvJZ/h3PAGMnGny"
          },
          "sensitive_attributes": [],
          "private": "bnVsbA==",
          "dependencies": [
            "confluent_environment.env",
            "confluent_kafka_cluster.basic",
            "confluent_role_binding.ksql_cluster_admin",
            "confluent_role_binding.ksql_sr_resource_owner",
            "confluent_schema_registry_cluster.sr",
            "confluent_service_account.ksql",
            "data.confluent_schema_registry_region.sr_region",
            "random_id.env_display_id"
          ]
        }
      ]
    },
    {
      "mode": "managed",
      "type": "confluent_api_key",
      "name": "schema-registry-api-key",
      "provider": "provider[\"registry.terraform.io/confluentinc/confluent\"]",
      "instances": [
        {
          "schema_version": 0,
          "attributes": {
            "description": "Confluent Resource created by Terraform",
            "disable_wait_for_ready": false,
            "display_name": "schema-registry-api-key-8179469b",
            "id": "TMES5BBGVNOOAIZF",
            "managed_resource": [
              {
                "api_version": "srcm/v2",
                "environment": [
                  {
                    "id": "env-m8vv8q"
                  }
                ],
                "id": "lsrc-xmyvng",
                "kind": "Cluster"
              }
            ],
            "owner": [
              {
                "api_version": "iam/v2",
                "id": "sa-8v002q",
                "kind": "ServiceAccount"
              }
            ],
            "secret": "AeOx1+T78qegXguvbN5cweV6EKEMSw2E5Eij8TpVIkmjeBVkUYwTalQBVf35OE+R"
          },
          "sensitive_attributes": [],
          "private": "bnVsbA==",
          "dependencies": [
            "confluent_environment.env",
            "confluent_schema_registry_cluster.sr",
            "confluent_service_account.app_manager",
            "data.confluent_schema_registry_region.sr_region",
            "random_id.env_display_id"
          ]
        }
      ]
    },
    {
      "mode": "managed",
      "type": "confluent_connector",
      "name": "activemq_products",
      "provider": "provider[\"registry.terraform.io/confluentinc/confluent\"]",
      "instances": [
        {
          "schema_version": 0,
          "attributes": {
            "config_nonsensitive": {
              "activemq.url": "ssl://b-9ebde16e-9b99-4d35-9375-0630e5596f45-1.mq.eu-central-1.amazonaws.com:61617",
              "activemq.username": "ExampleUser",
              "character.encoding": "UTF-8",
              "connector.class": "ActiveMQSource",
              "jms.destination.name": "products_queue",
              "jms.destination.type": "queue",
              "jms.subscription.durable": "false",
              "kafka.auth.mode": "KAFKA_API_KEY",
              "kafka.topic": "products_old",
              "max.poll.duration": "60000",
              "name": "ActiveMQSourceConnector_0",
              "output.data.format": "AVRO",
              "tasks.max": "1"
            },
            "config_sensitive": {
              "activemq.password": "MindTheGapLongPassword",
              "activemq.username": "ExampleUser"
            },
            "environment": [
              {
                "id": "env-m8vv8q"
              }
            ],
            "id": "lcc-8wqo35",
            "kafka_cluster": [
              {
                "id": "lkc-vryzm0"
              }
            ],
            "status": "RUNNING",
            "timeouts": null
          },
          "sensitive_attributes": [],
          "private": "eyJlMmJmYjczMC1lY2FhLTExZTYtOGY4OC0zNDM2M2JjN2M0YzAiOnsiY3JlYXRlIjo4NjQwMDAwMDAwMDAwMH19",
          "dependencies": [
            "aws_mq_broker.activemq",
            "confluent_api_key.app_manager_keys",
            "confluent_api_key.connector_keys",
            "confluent_environment.env",
            "confluent_kafka_acl.connectors_source_acl_create_topic",
            "confluent_kafka_acl.connectors_source_acl_write",
            "confluent_kafka_cluster.basic",
            "confluent_role_binding.app_manager_env_admin",
            "confluent_service_account.app_manager",
            "confluent_service_account.connectors",
            "random_id.env_display_id"
          ]
        }
      ]
    },
    {
      "mode": "managed",
      "type": "confluent_environment",
      "name": "env",
      "provider": "provider[\"registry.terraform.io/confluentinc/confluent\"]",
      "instances": [
        {
          "schema_version": 0,
          "attributes": {
            "display_name": "gko-prework-uc1-env-8179469b",
            "id": "env-m8vv8q",
            "resource_name": "crn://confluent.cloud/organization=5ec333b3-edbf-49ac-8b0c-c015bec7fa03/environment=env-m8vv8q"
          },
          "sensitive_attributes": [],
          "private": "bnVsbA==",
          "dependencies": [
            "random_id.env_display_id"
          ]
        }
      ]
    },
    {
      "mode": "managed",
      "type": "confluent_kafka_acl",
      "name": "connectors_source_acl_create_topic",
      "provider": "provider[\"registry.terraform.io/confluentinc/confluent\"]",
      "instances": [
        {
          "schema_version": 2,
          "attributes": {
            "credentials": [
              {
                "key": "JQMDGE2QMGL24YFJ",
                "secret": "2tk//wgQu9lqoWNzHb6AhTgSvPjTLLvklODSMwNqoXcccB7/ezfkr8m8NXh1xVPj"
              }
            ],
            "host": "*",
            "id": "lkc-vryzm0/TOPIC#products#LITERAL#User:sa-yyddzk#*#CREATE#ALLOW",
            "kafka_cluster": [
              {
                "id": "lkc-vryzm0"
              }
            ],
            "operation": "CREATE",
            "pattern_type": "LITERAL",
            "permission": "ALLOW",
            "principal": "User:sa-yyddzk",
            "resource_name": "products",
            "resource_type": "TOPIC",
            "rest_endpoint": "https://pkc-zpjg0.eu-central-1.aws.confluent.cloud:443"
          },
          "sensitive_attributes": [
            [
              {
                "type": "get_attr",
                "value": "credentials"
              },
              {
                "type": "index",
                "value": {
                  "value": 0,
                  "type": "number"
                }
              },
              {
                "type": "get_attr",
                "value": "secret"
              }
            ]
          ],
          "private": "eyJzY2hlbWFfdmVyc2lvbiI6IjIifQ==",
          "dependencies": [
            "confluent_api_key.app_manager_keys",
            "confluent_environment.env",
            "confluent_kafka_cluster.basic",
            "confluent_role_binding.app_manager_env_admin",
            "confluent_service_account.app_manager",
            "confluent_service_account.connectors",
            "random_id.env_display_id"
          ]
        }
      ]
    },
    {
      "mode": "managed",
      "type": "confluent_kafka_acl",
      "name": "connectors_source_acl_describe_cluster",
      "provider": "provider[\"registry.terraform.io/confluentinc/confluent\"]",
      "instances": [
        {
          "schema_version": 2,
          "attributes": {
            "credentials": [
              {
                "key": "JQMDGE2QMGL24YFJ",
                "secret": "2tk//wgQu9lqoWNzHb6AhTgSvPjTLLvklODSMwNqoXcccB7/ezfkr8m8NXh1xVPj"
              }
            ],
            "host": "*",
            "id": "lkc-vryzm0/CLUSTER#kafka-cluster#LITERAL#User:sa-yyddzk#*#DESCRIBE#ALLOW",
            "kafka_cluster": [
              {
                "id": "lkc-vryzm0"
              }
            ],
            "operation": "DESCRIBE",
            "pattern_type": "LITERAL",
            "permission": "ALLOW",
            "principal": "User:sa-yyddzk",
            "resource_name": "kafka-cluster",
            "resource_type": "CLUSTER",
            "rest_endpoint": "https://pkc-zpjg0.eu-central-1.aws.confluent.cloud:443"
          },
          "sensitive_attributes": [
            [
              {
                "type": "get_attr",
                "value": "credentials"
              },
              {
                "type": "index",
                "value": {
                  "value": 0,
                  "type": "number"
                }
              },
              {
                "type": "get_attr",
                "value": "secret"
              }
            ]
          ],
          "private": "eyJzY2hlbWFfdmVyc2lvbiI6IjIifQ==",
          "dependencies": [
            "confluent_api_key.app_manager_keys",
            "confluent_environment.env",
            "confluent_kafka_cluster.basic",
            "confluent_role_binding.app_manager_env_admin",
            "confluent_service_account.app_manager",
            "confluent_service_account.connectors",
            "random_id.env_display_id"
          ]
        }
      ]
    },
    {
      "mode": "managed",
      "type": "confluent_kafka_acl",
      "name": "connectors_source_acl_write",
      "provider": "provider[\"registry.terraform.io/confluentinc/confluent\"]",
      "instances": [
        {
          "schema_version": 2,
          "attributes": {
            "credentials": [
              {
                "key": "JQMDGE2QMGL24YFJ",
                "secret": "2tk//wgQu9lqoWNzHb6AhTgSvPjTLLvklODSMwNqoXcccB7/ezfkr8m8NXh1xVPj"
              }
            ],
            "host": "*",
            "id": "lkc-vryzm0/TOPIC#products#LITERAL#User:sa-yyddzk#*#WRITE#ALLOW",
            "kafka_cluster": [
              {
                "id": "lkc-vryzm0"
              }
            ],
            "operation": "WRITE",
            "pattern_type": "LITERAL",
            "permission": "ALLOW",
            "principal": "User:sa-yyddzk",
            "resource_name": "products",
            "resource_type": "TOPIC",
            "rest_endpoint": "https://pkc-zpjg0.eu-central-1.aws.confluent.cloud:443"
          },
          "sensitive_attributes": [
            [
              {
                "type": "get_attr",
                "value": "credentials"
              },
              {
                "type": "index",
                "value": {
                  "value": 0,
                  "type": "number"
                }
              },
              {
                "type": "get_attr",
                "value": "secret"
              }
            ]
          ],
          "private": "eyJzY2hlbWFfdmVyc2lvbiI6IjIifQ==",
          "dependencies": [
            "confluent_api_key.app_manager_keys",
            "confluent_environment.env",
            "confluent_kafka_cluster.basic",
            "confluent_role_binding.app_manager_env_admin",
            "confluent_service_account.app_manager",
            "confluent_service_account.connectors",
            "random_id.env_display_id"
          ]
        }
      ]
    },
    {
      "mode": "managed",
      "type": "confluent_kafka_cluster",
      "name": "basic",
      "provider": "provider[\"registry.terraform.io/confluentinc/confluent\"]",
      "instances": [
        {
          "schema_version": 1,
          "attributes": {
            "api_version": "cmk/v2",
            "availability": "SINGLE_ZONE",
            "basic": [
              {}
            ],
            "bootstrap_endpoint": "SASL_SSL://pkc-zpjg0.eu-central-1.aws.confluent.cloud:9092",
            "cloud": "AWS",
            "dedicated": [],
            "display_name": "gko-prework-uc1-cluster",
            "environment": [
              {
                "id": "env-m8vv8q"
              }
            ],
            "id": "lkc-vryzm0",
            "kind": "Cluster",
            "network": [
              {
                "id": ""
              }
            ],
            "rbac_crn": "crn://confluent.cloud/organization=5ec333b3-edbf-49ac-8b0c-c015bec7fa03/environment=env-m8vv8q/cloud-cluster=lkc-vryzm0",
            "region": "eu-central-1",
            "rest_endpoint": "https://pkc-zpjg0.eu-central-1.aws.confluent.cloud:443",
            "standard": [],
            "timeouts": null
          },
          "sensitive_attributes": [],
          "private": "eyJlMmJmYjczMC1lY2FhLTExZTYtOGY4OC0zNDM2M2JjN2M0YzAiOnsiY3JlYXRlIjoyNTkyMDAwMDAwMDAwMDAsInVwZGF0ZSI6MjU5MjAwMDAwMDAwMDAwfSwic2NoZW1hX3ZlcnNpb24iOiIxIn0=",
          "dependencies": [
            "confluent_environment.env",
            "random_id.env_display_id"
          ]
        }
      ]
    },
    {
      "mode": "managed",
      "type": "confluent_kafka_topic",
      "name": "products",
      "provider": "provider[\"registry.terraform.io/confluentinc/confluent\"]",
      "instances": [
        {
          "schema_version": 2,
          "attributes": {
            "config": {},
            "credentials": [
              {
                "key": "JQMDGE2QMGL24YFJ",
                "secret": "2tk//wgQu9lqoWNzHb6AhTgSvPjTLLvklODSMwNqoXcccB7/ezfkr8m8NXh1xVPj"
              }
            ],
            "id": "lkc-vryzm0/products",
            "kafka_cluster": [
              {
                "id": "lkc-vryzm0"
              }
            ],
            "partitions_count": 6,
            "rest_endpoint": "https://pkc-zpjg0.eu-central-1.aws.confluent.cloud:443",
            "topic_name": "products"
          },
          "sensitive_attributes": [
            [
              {
                "type": "get_attr",
                "value": "credentials"
              },
              {
                "type": "index",
                "value": {
                  "value": 0,
                  "type": "number"
                }
              },
              {
                "type": "get_attr",
                "value": "secret"
              }
            ]
          ],
          "private": "eyJzY2hlbWFfdmVyc2lvbiI6IjIifQ==",
          "dependencies": [
            "confluent_api_key.app_manager_keys",
            "confluent_environment.env",
            "confluent_kafka_cluster.basic",
            "confluent_role_binding.app_manager_env_admin",
            "confluent_service_account.app_manager",
            "random_id.env_display_id"
          ]
        }
      ]
    },
    {
      "mode": "managed",
      "type": "confluent_kafka_topic",
      "name": "products_old",
      "provider": "provider[\"registry.terraform.io/confluentinc/confluent\"]",
      "instances": [
        {
          "schema_version": 2,
          "attributes": {
            "config": {},
            "credentials": [
              {
                "key": "JQMDGE2QMGL24YFJ",
                "secret": "2tk//wgQu9lqoWNzHb6AhTgSvPjTLLvklODSMwNqoXcccB7/ezfkr8m8NXh1xVPj"
              }
            ],
            "id": "lkc-vryzm0/products_old",
            "kafka_cluster": [
              {
                "id": "lkc-vryzm0"
              }
            ],
            "partitions_count": 6,
            "rest_endpoint": "https://pkc-zpjg0.eu-central-1.aws.confluent.cloud:443",
            "topic_name": "products_old"
          },
          "sensitive_attributes": [
            [
              {
                "type": "get_attr",
                "value": "credentials"
              },
              {
                "type": "index",
                "value": {
                  "value": 0,
                  "type": "number"
                }
              },
              {
                "type": "get_attr",
                "value": "secret"
              }
            ]
          ],
          "private": "eyJzY2hlbWFfdmVyc2lvbiI6IjIifQ==",
          "dependencies": [
            "confluent_api_key.app_manager_keys",
            "confluent_environment.env",
            "confluent_kafka_cluster.basic",
            "confluent_role_binding.app_manager_env_admin",
            "confluent_service_account.app_manager",
            "random_id.env_display_id"
          ]
        }
      ]
    },
    {
      "mode": "managed",
      "type": "confluent_ksql_cluster",
      "name": "ksql_cluster",
      "provider": "provider[\"registry.terraform.io/confluentinc/confluent\"]",
      "instances": [
        {
          "schema_version": 0,
          "attributes": {
            "api_version": "ksqldbcm/v2",
            "credential_identity": [
              {
                "id": "sa-m2993w"
              }
            ],
            "csu": 1,
            "display_name": "ksql-cluster-8179469b",
            "environment": [
              {
                "id": "env-m8vv8q"
              }
            ],
            "id": "lksqlc-637108",
            "kafka_cluster": [
              {
                "id": "lkc-vryzm0"
              }
            ],
            "kind": "Cluster",
            "resource_name": "crn://confluent.cloud/organization=5ec333b3-edbf-49ac-8b0c-c015bec7fa03/environment=env-m8vv8q/cloud-cluster=lkc-vryzm0/ksql=ksql-cluster-8179469b",
            "rest_endpoint": "https://pksqlc-538qz.eu-central-1.aws.confluent.cloud:443",
            "storage": 125,
            "timeouts": null,
            "topic_prefix": "pksqlc-538qz",
            "use_detailed_processing_log": true
          },
          "sensitive_attributes": [],
          "private": "eyJlMmJmYjczMC1lY2FhLTExZTYtOGY4OC0zNDM2M2JjN2M0YzAiOnsiY3JlYXRlIjo0MzIwMDAwMDAwMDAwMH19",
          "dependencies": [
            "confluent_api_key.ksql_keys",
            "confluent_environment.env",
            "confluent_kafka_cluster.basic",
            "confluent_role_binding.ksql_cluster_admin",
            "confluent_role_binding.ksql_sr_resource_owner",
            "confluent_schema_registry_cluster.sr",
            "confluent_service_account.ksql",
            "data.confluent_schema_registry_region.sr_region",
            "random_id.env_display_id"
          ]
        }
      ]
    },
    {
      "mode": "managed",
      "type": "confluent_role_binding",
      "name": "app_manager_env_admin",
      "provider": "provider[\"registry.terraform.io/confluentinc/confluent\"]",
      "instances": [
        {
          "schema_version": 0,
          "attributes": {
            "crn_pattern": "crn://confluent.cloud/organization=5ec333b3-edbf-49ac-8b0c-c015bec7fa03/environment=env-m8vv8q",
            "id": "rb-KLO99",
            "principal": "User:sa-8v002q",
            "role_name": "EnvironmentAdmin"
          },
          "sensitive_attributes": [],
          "private": "bnVsbA==",
          "dependencies": [
            "confluent_environment.env",
            "confluent_service_account.app_manager",
            "random_id.env_display_id"
          ]
        }
      ]
    },
    {
      "mode": "managed",
      "type": "confluent_role_binding",
      "name": "ksql_cluster_admin",
      "provider": "provider[\"registry.terraform.io/confluentinc/confluent\"]",
      "instances": [
        {
          "schema_version": 0,
          "attributes": {
            "crn_pattern": "crn://confluent.cloud/organization=5ec333b3-edbf-49ac-8b0c-c015bec7fa03/environment=env-m8vv8q/cloud-cluster=lkc-vryzm0",
            "id": "rb-dNyWD",
            "principal": "User:sa-m2993w",
            "role_name": "CloudClusterAdmin"
          },
          "sensitive_attributes": [],
          "private": "bnVsbA==",
          "dependencies": [
            "confluent_environment.env",
            "confluent_kafka_cluster.basic",
            "confluent_service_account.ksql",
            "random_id.env_display_id"
          ]
        }
      ]
    },
    {
      "mode": "managed",
      "type": "confluent_role_binding",
      "name": "ksql_sr_resource_owner",
      "provider": "provider[\"registry.terraform.io/confluentinc/confluent\"]",
      "instances": [
        {
          "schema_version": 0,
          "attributes": {
            "crn_pattern": "crn://confluent.cloud/organization=5ec333b3-edbf-49ac-8b0c-c015bec7fa03/environment=env-m8vv8q/schema-registry=lsrc-xmyvng/subject=*",
            "id": "rb-4LMNo",
            "principal": "User:sa-m2993w",
            "role_name": "ResourceOwner"
          },
          "sensitive_attributes": [],
          "private": "bnVsbA==",
          "dependencies": [
            "confluent_environment.env",
            "confluent_schema_registry_cluster.sr",
            "confluent_service_account.ksql",
            "data.confluent_schema_registry_region.sr_region",
            "random_id.env_display_id"
          ]
        }
      ]
    },
    {
      "mode": "managed",
      "type": "confluent_schema_registry_cluster",
      "name": "sr",
      "provider": "provider[\"registry.terraform.io/confluentinc/confluent\"]",
      "instances": [
        {
          "schema_version": 0,
          "attributes": {
            "api_version": "srcm/v2",
            "display_name": "Stream Governance Package",
            "environment": [
              {
                "id": "env-m8vv8q"
              }
            ],
            "id": "lsrc-xmyvng",
            "kind": "Cluster",
            "package": "ESSENTIALS",
            "region": [
              {
                "id": "sgreg-1"
              }
            ],
            "resource_name": "crn://confluent.cloud/organization=5ec333b3-edbf-49ac-8b0c-c015bec7fa03/environment=env-m8vv8q/schema-registry=lsrc-xmyvng",
            "rest_endpoint": "https://psrc-ko92v.us-east-2.aws.confluent.cloud"
          },
          "sensitive_attributes": [],
          "private": "bnVsbA==",
          "dependencies": [
            "confluent_environment.env",
            "data.confluent_schema_registry_region.sr_region",
            "random_id.env_display_id"
          ]
        }
      ]
    },
    {
      "mode": "managed",
      "type": "confluent_service_account",
      "name": "app_manager",
      "provider": "provider[\"registry.terraform.io/confluentinc/confluent\"]",
      "instances": [
        {
          "schema_version": 0,
          "attributes": {
            "api_version": "iam/v2",
            "description": "Confluent Resource created by Terraform",
            "display_name": "app-manager-sa-8179469b",
            "id": "sa-8v002q",
            "kind": "ServiceAccount"
          },
          "sensitive_attributes": [],
          "private": "bnVsbA==",
          "dependencies": [
            "random_id.env_display_id"
          ]
        }
      ]
    },
    {
      "mode": "managed",
      "type": "confluent_service_account",
      "name": "connectors",
      "provider": "provider[\"registry.terraform.io/confluentinc/confluent\"]",
      "instances": [
        {
          "schema_version": 0,
          "attributes": {
            "api_version": "iam/v2",
            "description": "Confluent Resource created by Terraform",
            "display_name": "connector-sa-8179469b",
            "id": "sa-yyddzk",
            "kind": "ServiceAccount"
          },
          "sensitive_attributes": [],
          "private": "bnVsbA==",
          "dependencies": [
            "random_id.env_display_id"
          ]
        }
      ]
    },
    {
      "mode": "managed",
      "type": "confluent_service_account",
      "name": "ksql",
      "provider": "provider[\"registry.terraform.io/confluentinc/confluent\"]",
      "instances": [
        {
          "schema_version": 0,
          "attributes": {
            "api_version": "iam/v2",
            "description": "Confluent Resource created by Terraform",
            "display_name": "ksql-8179469b",
            "id": "sa-m2993w",
            "kind": "ServiceAccount"
          },
          "sensitive_attributes": [],
          "private": "bnVsbA==",
          "dependencies": [
            "random_id.env_display_id"
          ]
        }
      ]
    },
    {
      "mode": "managed",
      "type": "mongodbatlas_cluster",
      "name": "cluster-test",
      "provider": "provider[\"registry.terraform.io/mongodb/mongodbatlas\"]",
      "instances": [
        {
          "schema_version": 1,
          "attributes": {
            "advanced_configuration": [
              {
                "default_read_concern": "",
                "default_write_concern": "",
                "fail_index_key_too_long": false,
                "javascript_enabled": true,
                "minimum_enabled_tls_protocol": "TLS1_2",
                "no_table_scan": false,
                "oplog_min_retention_hours": 0,
                "oplog_size_mb": 0,
                "sample_refresh_interval_bi_connector": 0,
                "sample_size_bi_connector": 0
              }
            ],
            "auto_scaling_compute_enabled": false,
            "auto_scaling_compute_scale_down_enabled": false,
            "auto_scaling_disk_gb_enabled": true,
            "backing_provider_name": "AWS",
            "backup_enabled": false,
            "bi_connector": null,
            "bi_connector_config": [
              {
                "enabled": false,
                "read_preference": "secondary"
              }
            ],
            "cloud_backup": false,
            "cluster_id": "63d99a530782d21e3780850a",
            "cluster_type": "REPLICASET",
            "connection_strings": [
              {
                "aws_private_link": {},
                "aws_private_link_srv": {},
                "private": "",
                "private_endpoint": [],
                "private_srv": "",
                "standard": "mongodb://ac-qb4jjly-shard-00-00.jatt1p6.mongodb.net:27017,ac-qb4jjly-shard-00-01.jatt1p6.mongodb.net:27017,ac-qb4jjly-shard-00-02.jatt1p6.mongodb.net:27017/?ssl=true\u0026authSource=admin\u0026replicaSet=atlas-3e74g0-shard-0",
                "standard_srv": "mongodb+srv://cluster-test-global.jatt1p6.mongodb.net"
              }
            ],
            "container_id": null,
            "disk_size_gb": 0.5,
            "encryption_at_rest_provider": "NONE",
            "id": "Y2x1c3Rlcl9pZA==:NjNkOTlhNTMwNzgyZDIxZTM3ODA4NTBh-Y2x1c3Rlcl9uYW1l:Y2x1c3Rlci10ZXN0LWdsb2JhbA==-cHJvamVjdF9pZA==:NjI5Zjg5MWFhZTc0Njk2NGM5ZGNlZDBi-cHJvdmlkZXJfbmFtZQ==:VEVOQU5U",
            "labels": [],
            "mongo_db_major_version": "5.0",
            "mongo_db_version": "5.0.14",
            "mongo_uri": "mongodb://ac-qb4jjly-shard-00-00.jatt1p6.mongodb.net:27017,ac-qb4jjly-shard-00-01.jatt1p6.mongodb.net:27017,ac-qb4jjly-shard-00-02.jatt1p6.mongodb.net:27017",
            "mongo_uri_updated": "2023-01-31T22:46:57Z",
            "mongo_uri_with_options": "mongodb://ac-qb4jjly-shard-00-00.jatt1p6.mongodb.net:27017,ac-qb4jjly-shard-00-01.jatt1p6.mongodb.net:27017,ac-qb4jjly-shard-00-02.jatt1p6.mongodb.net:27017/?ssl=true\u0026authSource=admin\u0026replicaSet=atlas-3e74g0-shard-0",
            "name": "cluster-test-global",
            "num_shards": 1,
            "paused": false,
            "pit_enabled": false,
            "project_id": "629f891aae746964c9dced0b",
            "provider_auto_scaling_compute_max_instance_size": "",
            "provider_auto_scaling_compute_min_instance_size": "",
            "provider_backup_enabled": false,
            "provider_disk_iops": null,
            "provider_disk_type_name": "",
            "provider_encrypt_ebs_volume": null,
            "provider_encrypt_ebs_volume_flag": null,
            "provider_instance_size_name": "M0",
            "provider_name": "TENANT",
            "provider_region_name": "EU_CENTRAL_1",
            "provider_volume_type": "",
            "replication_factor": 3,
            "replication_specs": [
              {
                "id": "63d99a530782d21e37808504",
                "num_shards": 1,
                "regions_config": [
                  {
                    "analytics_nodes": 0,
                    "electable_nodes": 3,
                    "priority": 7,
                    "read_only_nodes": 0,
                    "region_name": "EU_CENTRAL_1"
                  }
                ],
                "zone_name": "Zone 1"
              }
            ],
            "snapshot_backup_policy": [],
            "srv_address": "mongodb+srv://cluster-test-global.jatt1p6.mongodb.net",
            "state_name": "IDLE",
            "termination_protection_enabled": false,
            "timeouts": null,
            "version_release_system": "LTS"
          },
          "sensitive_attributes": [],
          "private": "eyJlMmJmYjczMC1lY2FhLTExZTYtOGY4OC0zNDM2M2JjN2M0YzAiOnsiY3JlYXRlIjoxMDgwMDAwMDAwMDAwMCwiZGVsZXRlIjoxMDgwMDAwMDAwMDAwMCwidXBkYXRlIjoxMDgwMDAwMDAwMDAwMH0sInNjaGVtYV92ZXJzaW9uIjoiMSJ9"
        }
      ]
    },
    {
      "mode": "managed",
      "type": "mongodbatlas_database_user",
      "name": "mongodb-user",
      "provider": "provider[\"registry.terraform.io/mongodb/mongodbatlas\"]",
      "instances": [
        {
          "schema_version": 0,
          "attributes": {
            "auth_database_name": "admin",
            "aws_iam_type": "NONE",
            "database_name": null,
            "id": "YXV0aF9kYXRhYmFzZV9uYW1l:YWRtaW4=-cHJvamVjdF9pZA==:NjI5Zjg5MWFhZTc0Njk2NGM5ZGNlZDBi-dXNlcm5hbWU=:bW9uZ29kYl91c2VybmFtZQ==",
            "labels": [],
            "ldap_auth_type": "NONE",
            "password": "MongoDBVeryLongPassword2023@",
            "project_id": "629f891aae746964c9dced0b",
            "roles": [
              {
                "collection_name": "",
                "database_name": "cluster-test-global",
                "role_name": "dbAdmin"
              }
            ],
            "scopes": [],
            "username": "mongodb_username",
            "x509_type": "NONE"
          },
          "sensitive_attributes": [],
          "private": "bnVsbA=="
        }
      ]
    },
    {
      "mode": "managed",
      "type": "random_id",
      "name": "env_display_id",
      "provider": "provider[\"registry.terraform.io/hashicorp/random\"]",
      "instances": [
        {
          "schema_version": 0,
          "attributes": {
            "b64_std": "gXlGmw==",
            "b64_url": "gXlGmw",
            "byte_length": 4,
            "dec": "2172208795",
            "hex": "8179469b",
            "id": "gXlGmw",
            "keepers": null,
            "prefix": null
          },
          "sensitive_attributes": []
        }
      ]
    },
    {
      "mode": "managed",
      "type": "random_id",
      "name": "vpc_display_id",
      "provider": "provider[\"registry.terraform.io/hashicorp/random\"]",
      "instances": [
        {
          "schema_version": 0,
          "attributes": {
            "b64_std": "xZLDSw==",
            "b64_url": "xZLDSw",
            "byte_length": 4,
            "dec": "3314729803",
            "hex": "c592c34b",
            "id": "xZLDSw",
            "keepers": null,
            "prefix": null
          },
          "sensitive_attributes": []
        }
      ]
    }
  ],
  "check_results": null
}
